PODS:
  - audio_session (0.0.1):
    - Flutter
  - Flutter (1.0.0)
  - flutter_audio_output (0.0.3):
    - Flutter
  - just_audio (0.0.1):
    - Flutter
    - FlutterMacOS
  - path_provider_foundation (0.0.1):
    - Flutter
    - FlutterMacOS

DEPENDENCIES:
  - audio_session (from `.symlinks/plugins/audio_session/ios`)
  - Flutter (from `Flutter`)
  - flutter_audio_output (from `.symlinks/plugins/flutter_audio_output/ios`)
  - just_audio (from `.symlinks/plugins/just_audio/darwin`)
  - path_provider_foundation (from `.symlinks/plugins/path_provider_foundation/darwin`)

EXTERNAL SOURCES:
  audio_session:
    :path: ".symlinks/plugins/audio_session/ios"
  Flutter:
    :path: Flutter
  flutter_audio_output:
    :path: ".symlinks/plugins/flutter_audio_output/ios"
  just_audio:
    :path: ".symlinks/plugins/just_audio/darwin"
  path_provider_foundation:
    :path: ".symlinks/plugins/path_provider_foundation/darwin"

SPEC CHECKSUMS:
  audio_session: 9bb7f6c970f21241b19f5a3658097ae459681ba0
  Flutter: cabc95a1d2626b1b06e7179b784ebcf0c0cde467
  flutter_audio_output: dfbb99c67d7e8c8b2391f688ac08d43cbbdc56fc
  just_audio: 4e391f57b79cad2b0674030a00453ca5ce817eed
  path_provider_foundation: bb55f6dbba17d0dccd6737fe6f7f34fbd0376880

PODFILE CHECKSUM: 3c63482e143d1b91d2d2560aee9fb04ecc74ac7e

COCOAPODS: 1.16.2
